PODS:
  - Alamofire (4.7.0)
  - Kingfisher (4.6.3)
  - MOBFoundation (3.1.2)
  - SMSSDK (3.0.1):
    - MOBFoundation
  - SwiftyJSON (4.0.0)

DEPENDENCIES:
  - Alamofire
  - Kingfisher
  - SMSSDK
  - SwiftyJSON

SPEC CHECKSUMS:
  Alamofire: 907e0a98eb68cdb7f9d1f541a563d6ac5dc77b25
  Kingfisher: 98e6d5b5e807645743e8ed5ececd25d688d38452
  MOBFoundation: 5c7cd437320b5252ebe0ca20283cc1ffe66f7669
  SMSSDK: a811c8ea6e89393097037b7cf6493248a40e50f0
  SwiftyJSON: 070dabdcb1beb81b247c65ffa3a79dbbfb3b48aa

PODFILE CHECKSUM: 493c61aa7ab7b301a2c64b77dd10a490287a970f

COCOAPODS: 1.4.0
